
Microsoft Visual Studio Solution File, Format Version 12.00
# Visual Studio Version 17
VisualStudioVersion = 17.13.35931.197
MinimumVisualStudioVersion = 10.0.40219.1
Project("{FAE04EC0-301F-11D3-BF4B-00C04F79EFBC}") = "Collections.cs", "Collections.cs\Collections.cs.csproj", "{FE815874-F905-4AB1-80C6-60452BADBAD4}"
EndProject
Project("{FAE04EC0-301F-11D3-BF4B-00C04F79EFBC}") = "Stack", "Stack\Stack.csproj", "{9E25C32E-27AD-4FBE-B948-B042D46EDF86}"
EndProject
Global
	GlobalSection(SolutionConfigurationPlatforms) = preSolution
		Debug|Any CPU = Debug|Any CPU
		Release|Any CPU = Release|Any CPU
	EndGlobalSection
	GlobalSection(ProjectConfigurationPlatforms) = postSolution
		{FE815874-F905-4AB1-80C6-60452BADBAD4}.Debug|Any CPU.ActiveCfg = Debug|Any CPU
		{FE815874-F905-4AB1-80C6-60452BADBAD4}.Debug|Any CPU.Build.0 = Debug|Any CPU
		{FE815874-F905-4AB1-80C6-60452BADBAD4}.Release|Any CPU.ActiveCfg = Release|Any CPU
		{FE815874-F905-4AB1-80C6-60452BADBAD4}.Release|Any CPU.Build.0 = Release|Any CPU
		{9E25C32E-27AD-4FBE-B948-B042D46EDF86}.Debug|Any CPU.ActiveCfg = Debug|Any CPU
		{9E25C32E-27AD-4FBE-B948-B042D46EDF86}.Debug|Any CPU.Build.0 = Debug|Any CPU
		{9E25C32E-27AD-4FBE-B948-B042D46EDF86}.Release|Any CPU.ActiveCfg = Release|Any CPU
		{9E25C32E-27AD-4FBE-B948-B042D46EDF86}.Release|Any CPU.Build.0 = Release|Any CPU
	EndGlobalSection
	GlobalSection(SolutionProperties) = preSolution
		HideSolutionNode = FALSE
	EndGlobalSection
	GlobalSection(ExtensibilityGlobals) = postSolution
		SolutionGuid = {B6D40B24-3E14-49FD-8991-8FD6D37FACA7}
	EndGlobalSection
EndGlobal
