
Microsoft Visual Studio Solution File, Format Version 12.00
# Visual Studio Version 17
VisualStudioVersion = 17.13.35931.197
MinimumVisualStudioVersion = 10.0.40219.1
Project("{FAE04EC0-301F-11D3-BF4B-00C04F79EFBC}") = "Linq.cs", "Collections.cs\Linq.cs.csproj", "{FE815874-F905-4AB1-80C6-60452BADBAD4}"
EndProject
Project("{FAE04EC0-301F-11D3-BF4B-00C04F79EFBC}") = "Stack", "Stack\Stack.csproj", "{9E25C32E-27AD-4FBE-B948-B042D46EDF86}"
EndProject
Project("{FAE04EC0-301F-11D3-BF4B-00C04F79EFBC}") = "ARRAY", "ARRAY\ARRAY.csproj", "{A7553D23-FF6C-4FAF-92A0-4938D740D000}"
EndProject
Project("{FAE04EC0-301F-11D3-BF4B-00C04F79EFBC}") = "OOPs", "OOPs\OOPs.csproj", "{35F5D5E6-B0A1-4427-809E-4987BA9FD0C8}"
EndProject
Project("{FAE04EC0-301F-11D3-BF4B-00C04F79EFBC}") = "Exception_handling", "Exception_handling\Exception_handling.csproj", "{062A2AFA-852F-4DB2-AA55-83C608222320}"
EndProject
Project("{FAE04EC0-301F-11D3-BF4B-00C04F79EFBC}") = "Linked_list", "Linked_list\Linked_list.csproj", "{BB1F2653-BDA6-42D7-AC9B-1D3B511C9E47}"
EndProject
Global
	GlobalSection(SolutionConfigurationPlatforms) = preSolution
		Debug|Any CPU = Debug|Any CPU
		Release|Any CPU = Release|Any CPU
	EndGlobalSection
	GlobalSection(ProjectConfigurationPlatforms) = postSolution
		{FE815874-F905-4AB1-80C6-60452BADBAD4}.Debug|Any CPU.ActiveCfg = Debug|Any CPU
		{FE815874-F905-4AB1-80C6-60452BADBAD4}.Debug|Any CPU.Build.0 = Debug|Any CPU
		{FE815874-F905-4AB1-80C6-60452BADBAD4}.Release|Any CPU.ActiveCfg = Release|Any CPU
		{FE815874-F905-4AB1-80C6-60452BADBAD4}.Release|Any CPU.Build.0 = Release|Any CPU
		{9E25C32E-27AD-4FBE-B948-B042D46EDF86}.Debug|Any CPU.ActiveCfg = Debug|Any CPU
		{9E25C32E-27AD-4FBE-B948-B042D46EDF86}.Debug|Any CPU.Build.0 = Debug|Any CPU
		{9E25C32E-27AD-4FBE-B948-B042D46EDF86}.Release|Any CPU.ActiveCfg = Release|Any CPU
		{9E25C32E-27AD-4FBE-B948-B042D46EDF86}.Release|Any CPU.Build.0 = Release|Any CPU
		{A7553D23-FF6C-4FAF-92A0-4938D740D000}.Debug|Any CPU.ActiveCfg = Debug|Any CPU
		{A7553D23-FF6C-4FAF-92A0-4938D740D000}.Debug|Any CPU.Build.0 = Debug|Any CPU
		{A7553D23-FF6C-4FAF-92A0-4938D740D000}.Release|Any CPU.ActiveCfg = Release|Any CPU
		{A7553D23-FF6C-4FAF-92A0-4938D740D000}.Release|Any CPU.Build.0 = Release|Any CPU
		{35F5D5E6-B0A1-4427-809E-4987BA9FD0C8}.Debug|Any CPU.ActiveCfg = Debug|Any CPU
		{35F5D5E6-B0A1-4427-809E-4987BA9FD0C8}.Debug|Any CPU.Build.0 = Debug|Any CPU
		{35F5D5E6-B0A1-4427-809E-4987BA9FD0C8}.Release|Any CPU.ActiveCfg = Release|Any CPU
		{35F5D5E6-B0A1-4427-809E-4987BA9FD0C8}.Release|Any CPU.Build.0 = Release|Any CPU
		{062A2AFA-852F-4DB2-AA55-83C608222320}.Debug|Any CPU.ActiveCfg = Debug|Any CPU
		{062A2AFA-852F-4DB2-AA55-83C608222320}.Debug|Any CPU.Build.0 = Debug|Any CPU
		{062A2AFA-852F-4DB2-AA55-83C608222320}.Release|Any CPU.ActiveCfg = Release|Any CPU
		{062A2AFA-852F-4DB2-AA55-83C608222320}.Release|Any CPU.Build.0 = Release|Any CPU
		{BB1F2653-BDA6-42D7-AC9B-1D3B511C9E47}.Debug|Any CPU.ActiveCfg = Debug|Any CPU
		{BB1F2653-BDA6-42D7-AC9B-1D3B511C9E47}.Debug|Any CPU.Build.0 = Debug|Any CPU
		{BB1F2653-BDA6-42D7-AC9B-1D3B511C9E47}.Release|Any CPU.ActiveCfg = Release|Any CPU
		{BB1F2653-BDA6-42D7-AC9B-1D3B511C9E47}.Release|Any CPU.Build.0 = Release|Any CPU
	EndGlobalSection
	GlobalSection(SolutionProperties) = preSolution
		HideSolutionNode = FALSE
	EndGlobalSection
	GlobalSection(ExtensibilityGlobals) = postSolution
		SolutionGuid = {B6D40B24-3E14-49FD-8991-8FD6D37FACA7}
	EndGlobalSection
EndGlobal
